
Microsoft Visual Studio Solution File, Format Version 12.00
# Visual Studio Version 17
VisualStudioVersion = 17.2.32519.379
MinimumVisualStudioVersion = 10.0.40219.1
Project("{FAE04EC0-301F-11D3-BF4B-00C04F79EFBC}") = "Magic_8Ball", "Magic_8Ball\Magic_8Ball.csproj", "{C9F31BB6-EB2C-4D00-95B8-58F853FA96F0}"
EndProject
Global
	GlobalSection(SolutionConfigurationPlatforms) = preSolution
		Debug|Any CPU = Debug|Any CPU
		Release|Any CPU = Release|Any CPU
	EndGlobalSection
	GlobalSection(ProjectConfigurationPlatforms) = postSolution
		{C9F31BB6-EB2C-4D00-95B8-58F853FA96F0}.Debug|Any CPU.ActiveCfg = Debug|Any CPU
		{C9F31BB6-EB2C-4D00-95B8-58F853FA96F0}.Debug|Any CPU.Build.0 = Debug|Any CPU
		{C9F31BB6-EB2C-4D00-95B8-58F853FA96F0}.Release|Any CPU.ActiveCfg = Release|Any CPU
		{C9F31BB6-EB2C-4D00-95B8-58F853FA96F0}.Release|Any CPU.Build.0 = Release|Any CPU
	EndGlobalSection
	GlobalSection(SolutionProperties) = preSolution
		HideSolutionNode = FALSE
	EndGlobalSection
	GlobalSection(ExtensibilityGlobals) = postSolution
		SolutionGuid = {DEE205AF-EC9D-4C1C-BB81-1E866CEABFBB}
	EndGlobalSection
EndGlobal
